
Microsoft Visual Studio Solution File, Format Version 12.00
# Visual Studio Version 16
VisualStudioVersion = 16.0.30114.105
MinimumVisualStudioVersion = 10.0.40219.1
Project("{FAE04EC0-301F-11D3-BF4B-00C04F79EFBC}") = "ExcelDna.Extensions.Hosting", "ExcelDna.Extensions.Hosting\ExcelDna.Extensions.Hosting.csproj", "{5777352D-8EC8-4E29-ABAA-785810F365FD}"
EndProject
Project("{FAE04EC0-301F-11D3-BF4B-00C04F79EFBC}") = "ExcelDna.Extensions.Hosting.Tests", "ExcelDna.Extensions.Hosting.Tests\ExcelDna.Extensions.Hosting.Tests.csproj", "{AFFF726B-70C9-4F41-A437-3E50FCA1E1FA}"
EndProject
Project("{FAE04EC0-301F-11D3-BF4B-00C04F79EFBC}") = "ExcelDna.Extensions.Hosting.IntelliSense", "ExcelDna.Extensions.Hosting.IntelliSense\ExcelDna.Extensions.Hosting.IntelliSense.csproj", "{974BD40B-9405-4B71-9282-AA5A8AED8F26}"
EndProject
Project("{2150E333-8FDC-42A3-9474-1A3956D46DE8}") = "Samples", "Samples", "{F9F626D5-3085-4574-AA20-5C1027378813}"
EndProject
Project("{FAE04EC0-301F-11D3-BF4B-00C04F79EFBC}") = "QuickStart", "Samples\QuickStart\QuickStart.csproj", "{2D4D32DA-1F7C-4D74-AB05-239AFBB579DF}"
EndProject
Global
	GlobalSection(SolutionConfigurationPlatforms) = preSolution
		Debug|Any CPU = Debug|Any CPU
		Debug|x64 = Debug|x64
		Debug|x86 = Debug|x86
		Release|Any CPU = Release|Any CPU
		Release|x64 = Release|x64
		Release|x86 = Release|x86
	EndGlobalSection
	GlobalSection(SolutionProperties) = preSolution
		HideSolutionNode = FALSE
	EndGlobalSection
	GlobalSection(ProjectConfigurationPlatforms) = postSolution
		{5777352D-8EC8-4E29-ABAA-785810F365FD}.Debug|Any CPU.ActiveCfg = Debug|Any CPU
		{5777352D-8EC8-4E29-ABAA-785810F365FD}.Debug|Any CPU.Build.0 = Debug|Any CPU
		{5777352D-8EC8-4E29-ABAA-785810F365FD}.Debug|x64.ActiveCfg = Debug|Any CPU
		{5777352D-8EC8-4E29-ABAA-785810F365FD}.Debug|x64.Build.0 = Debug|Any CPU
		{5777352D-8EC8-4E29-ABAA-785810F365FD}.Debug|x86.ActiveCfg = Debug|Any CPU
		{5777352D-8EC8-4E29-ABAA-785810F365FD}.Debug|x86.Build.0 = Debug|Any CPU
		{5777352D-8EC8-4E29-ABAA-785810F365FD}.Release|Any CPU.ActiveCfg = Release|Any CPU
		{5777352D-8EC8-4E29-ABAA-785810F365FD}.Release|Any CPU.Build.0 = Release|Any CPU
		{5777352D-8EC8-4E29-ABAA-785810F365FD}.Release|x64.ActiveCfg = Release|Any CPU
		{5777352D-8EC8-4E29-ABAA-785810F365FD}.Release|x64.Build.0 = Release|Any CPU
		{5777352D-8EC8-4E29-ABAA-785810F365FD}.Release|x86.ActiveCfg = Release|Any CPU
		{5777352D-8EC8-4E29-ABAA-785810F365FD}.Release|x86.Build.0 = Release|Any CPU
		{AFFF726B-70C9-4F41-A437-3E50FCA1E1FA}.Debug|Any CPU.ActiveCfg = Debug|Any CPU
		{AFFF726B-70C9-4F41-A437-3E50FCA1E1FA}.Debug|Any CPU.Build.0 = Debug|Any CPU
		{AFFF726B-70C9-4F41-A437-3E50FCA1E1FA}.Debug|x64.ActiveCfg = Debug|Any CPU
		{AFFF726B-70C9-4F41-A437-3E50FCA1E1FA}.Debug|x64.Build.0 = Debug|Any CPU
		{AFFF726B-70C9-4F41-A437-3E50FCA1E1FA}.Debug|x86.ActiveCfg = Debug|Any CPU
		{AFFF726B-70C9-4F41-A437-3E50FCA1E1FA}.Debug|x86.Build.0 = Debug|Any CPU
		{AFFF726B-70C9-4F41-A437-3E50FCA1E1FA}.Release|Any CPU.ActiveCfg = Release|Any CPU
		{AFFF726B-70C9-4F41-A437-3E50FCA1E1FA}.Release|Any CPU.Build.0 = Release|Any CPU
		{AFFF726B-70C9-4F41-A437-3E50FCA1E1FA}.Release|x64.ActiveCfg = Release|Any CPU
		{AFFF726B-70C9-4F41-A437-3E50FCA1E1FA}.Release|x64.Build.0 = Release|Any CPU
		{AFFF726B-70C9-4F41-A437-3E50FCA1E1FA}.Release|x86.ActiveCfg = Release|Any CPU
		{AFFF726B-70C9-4F41-A437-3E50FCA1E1FA}.Release|x86.Build.0 = Release|Any CPU
		{974BD40B-9405-4B71-9282-AA5A8AED8F26}.Debug|Any CPU.ActiveCfg = Debug|Any CPU
		{974BD40B-9405-4B71-9282-AA5A8AED8F26}.Debug|Any CPU.Build.0 = Debug|Any CPU
		{974BD40B-9405-4B71-9282-AA5A8AED8F26}.Debug|x64.ActiveCfg = Debug|Any CPU
		{974BD40B-9405-4B71-9282-AA5A8AED8F26}.Debug|x64.Build.0 = Debug|Any CPU
		{974BD40B-9405-4B71-9282-AA5A8AED8F26}.Debug|x86.ActiveCfg = Debug|Any CPU
		{974BD40B-9405-4B71-9282-AA5A8AED8F26}.Debug|x86.Build.0 = Debug|Any CPU
		{974BD40B-9405-4B71-9282-AA5A8AED8F26}.Release|Any CPU.ActiveCfg = Release|Any CPU
		{974BD40B-9405-4B71-9282-AA5A8AED8F26}.Release|Any CPU.Build.0 = Release|Any CPU
		{974BD40B-9405-4B71-9282-AA5A8AED8F26}.Release|x64.ActiveCfg = Release|Any CPU
		{974BD40B-9405-4B71-9282-AA5A8AED8F26}.Release|x64.Build.0 = Release|Any CPU
		{974BD40B-9405-4B71-9282-AA5A8AED8F26}.Release|x86.ActiveCfg = Release|Any CPU
		{974BD40B-9405-4B71-9282-AA5A8AED8F26}.Release|x86.Build.0 = Release|Any CPU
		{2D4D32DA-1F7C-4D74-AB05-239AFBB579DF}.Debug|Any CPU.ActiveCfg = Debug|Any CPU
		{2D4D32DA-1F7C-4D74-AB05-239AFBB579DF}.Debug|Any CPU.Build.0 = Debug|Any CPU
		{2D4D32DA-1F7C-4D74-AB05-239AFBB579DF}.Debug|x64.ActiveCfg = Debug|Any CPU
		{2D4D32DA-1F7C-4D74-AB05-239AFBB579DF}.Debug|x64.Build.0 = Debug|Any CPU
		{2D4D32DA-1F7C-4D74-AB05-239AFBB579DF}.Debug|x86.ActiveCfg = Debug|Any CPU
		{2D4D32DA-1F7C-4D74-AB05-239AFBB579DF}.Debug|x86.Build.0 = Debug|Any CPU
		{2D4D32DA-1F7C-4D74-AB05-239AFBB579DF}.Release|Any CPU.ActiveCfg = Release|Any CPU
		{2D4D32DA-1F7C-4D74-AB05-239AFBB579DF}.Release|Any CPU.Build.0 = Release|Any CPU
		{2D4D32DA-1F7C-4D74-AB05-239AFBB579DF}.Release|x64.ActiveCfg = Release|Any CPU
		{2D4D32DA-1F7C-4D74-AB05-239AFBB579DF}.Release|x64.Build.0 = Release|Any CPU
		{2D4D32DA-1F7C-4D74-AB05-239AFBB579DF}.Release|x86.ActiveCfg = Release|Any CPU
		{2D4D32DA-1F7C-4D74-AB05-239AFBB579DF}.Release|x86.Build.0 = Release|Any CPU
	EndGlobalSection
	GlobalSection(NestedProjects) = preSolution
		{2D4D32DA-1F7C-4D74-AB05-239AFBB579DF} = {F9F626D5-3085-4574-AA20-5C1027378813}
	EndGlobalSection
EndGlobal
